
Microsoft Visual Studio Solution File, Format Version 12.00
# Visual Studio Version 17
VisualStudioVersion = 17.2.32616.157
MinimumVisualStudioVersion = 10.0.40219.1
Project("{FAE04EC0-301F-11D3-BF4B-00C04F79EFBC}") = "ConsoleApp2", "ConsoleApp2\ConsoleApp2.csproj", "{FB3F2859-A7FD-42C4-878F-7BDE9E00BDFF}"
EndProject
Global
	GlobalSection(SolutionConfigurationPlatforms) = preSolution
		Debug|Any CPU = Debug|Any CPU
		Release|Any CPU = Release|Any CPU
	EndGlobalSection
	GlobalSection(ProjectConfigurationPlatforms) = postSolution
		{FB3F2859-A7FD-42C4-878F-7BDE9E00BDFF}.Debug|Any CPU.ActiveCfg = Debug|Any CPU
		{FB3F2859-A7FD-42C4-878F-7BDE9E00BDFF}.Debug|Any CPU.Build.0 = Debug|Any CPU
		{FB3F2859-A7FD-42C4-878F-7BDE9E00BDFF}.Release|Any CPU.ActiveCfg = Release|Any CPU
		{FB3F2859-A7FD-42C4-878F-7BDE9E00BDFF}.Release|Any CPU.Build.0 = Release|Any CPU
	EndGlobalSection
	GlobalSection(SolutionProperties) = preSolution
		HideSolutionNode = FALSE
	EndGlobalSection
	GlobalSection(ExtensibilityGlobals) = postSolution
		SolutionGuid = {C029620C-C001-40BF-9EBC-86193E8DD1B1}
	EndGlobalSection
EndGlobal
