
Microsoft Visual Studio Solution File, Format Version 12.00
# Visual Studio Version 17
VisualStudioVersion = 17.2.32616.157
MinimumVisualStudioVersion = 10.0.40219.1
Project("{FAE04EC0-301F-11D3-BF4B-00C04F79EFBC}") = "Ex 2", "Ex 2\Ex 2.csproj", "{97D3B47C-537E-4D81-B46E-65095B667BAB}"
EndProject
Global
	GlobalSection(SolutionConfigurationPlatforms) = preSolution
		Debug|Any CPU = Debug|Any CPU
		Release|Any CPU = Release|Any CPU
	EndGlobalSection
	GlobalSection(ProjectConfigurationPlatforms) = postSolution
		{97D3B47C-537E-4D81-B46E-65095B667BAB}.Debug|Any CPU.ActiveCfg = Debug|Any CPU
		{97D3B47C-537E-4D81-B46E-65095B667BAB}.Debug|Any CPU.Build.0 = Debug|Any CPU
		{97D3B47C-537E-4D81-B46E-65095B667BAB}.Release|Any CPU.ActiveCfg = Release|Any CPU
		{97D3B47C-537E-4D81-B46E-65095B667BAB}.Release|Any CPU.Build.0 = Release|Any CPU
	EndGlobalSection
	GlobalSection(SolutionProperties) = preSolution
		HideSolutionNode = FALSE
	EndGlobalSection
	GlobalSection(ExtensibilityGlobals) = postSolution
		SolutionGuid = {5E67FF02-D5AC-479C-8AA2-B529AB6E439E}
	EndGlobalSection
EndGlobal
