
Microsoft Visual Studio Solution File, Format Version 12.00
# Visual Studio Version 16
VisualStudioVersion = 16.0.28803.202
MinimumVisualStudioVersion = 10.0.40219.1
Project("{FAE04EC0-301F-11D3-BF4B-00C04F79EFBC}") = "WindowsFormsApp1", "WindowsFormsApp1\WindowsFormsApp1.csproj", "{68ADBCE3-EC91-4664-99AB-4C2528BB01CE}"
EndProject
Global
	GlobalSection(SolutionConfigurationPlatforms) = preSolution
		Debug|Any CPU = Debug|Any CPU
		Release|Any CPU = Release|Any CPU
	EndGlobalSection
	GlobalSection(ProjectConfigurationPlatforms) = postSolution
		{68ADBCE3-EC91-4664-99AB-4C2528BB01CE}.Debug|Any CPU.ActiveCfg = Debug|Any CPU
		{68ADBCE3-EC91-4664-99AB-4C2528BB01CE}.Debug|Any CPU.Build.0 = Debug|Any CPU
		{68ADBCE3-EC91-4664-99AB-4C2528BB01CE}.Release|Any CPU.ActiveCfg = Release|Any CPU
		{68ADBCE3-EC91-4664-99AB-4C2528BB01CE}.Release|Any CPU.Build.0 = Release|Any CPU
	EndGlobalSection
	GlobalSection(SolutionProperties) = preSolution
		HideSolutionNode = FALSE
	EndGlobalSection
	GlobalSection(ExtensibilityGlobals) = postSolution
		SolutionGuid = {39FCF167-4B12-4E32-AFB2-E773D83D26AD}
	EndGlobalSection
EndGlobal
